{
  "name": "consumer-app",
  "version": "1.0.0",
  "lockfileVersion": 3,
  "requires": true,
  "packages": {
    "": {
      "name": "consumer-app",
      "version": "1.0.0",
      "license": "MIT",
      "dependencies": {
        "@natashakediacts/shared-utils": "^1.0.1"
      }
    },
    "node_modules/@natashakediacts/shared-utils": {
      "version": "1.0.1",
      "resolved": "https://npm.pkg.github.com/download/@natashakediacts/shared-utils/1.0.1/96fd1c98d0302bd8b25a58a6d8837e5014bb1b69",
      "integrity": "sha512-JI89GalbIaF1hUpUzizukvJedvbQCyZQ4YLxobzVnVQyAu57Xbr2ebLTRKDEG1e/UB9qrFcqhMWTo9QvhnKh0g=="
    }
  }
}
