{
  "name": "consumer-app",
  "version": "1.0.0",
  "lockfileVersion": 3,
  "requires": true,
  "packages": {
    "": {
      "name": "consumer-app",
      "version": "1.0.0",
      "license": "ISC",
      "dependencies": {
        "@nkedia/shared-utils": "file:../sharedlibrary/nkedia-shared-utils-1.0.0.tgz"
      }
    },
    "node_modules/@nkedia/shared-utils": {
      "version": "1.0.0",
      "resolved": "file:../sharedlibrary/nkedia-shared-utils-1.0.0.tgz",
      "integrity": "sha512-a/um3BP1ExDnOHkTBppyBOoMhe/bsjHskn83/B4+gJ+VmR2hT1xElZqsZmsbew6TbZ8521lWaBRgTW+02/1jAQ=="
    }
  }
}
